
Microsoft Visual Studio Solution File, Format Version 12.00
# Visual Studio Version 17
VisualStudioVersion = 17.1.32414.318
MinimumVisualStudioVersion = 10.0.40219.1
Project("{FAE04EC0-301F-11D3-BF4B-00C04F79EFBC}") = "Barcode Generator", "Barcode Generator.csproj", "{ED8CBF20-DC5B-4507-9CE7-67E153BE63E9}"
EndProject
Global
	GlobalSection(SolutionConfigurationPlatforms) = preSolution
		Debug|Any CPU = Debug|Any CPU
		Release|Any CPU = Release|Any CPU
	EndGlobalSection
	GlobalSection(ProjectConfigurationPlatforms) = postSolution
		{ED8CBF20-DC5B-4507-9CE7-67E153BE63E9}.Debug|Any CPU.ActiveCfg = Debug|Any CPU
		{ED8CBF20-DC5B-4507-9CE7-67E153BE63E9}.Debug|Any CPU.Build.0 = Debug|Any CPU
		{ED8CBF20-DC5B-4507-9CE7-67E153BE63E9}.Release|Any CPU.ActiveCfg = Release|Any CPU
		{ED8CBF20-DC5B-4507-9CE7-67E153BE63E9}.Release|Any CPU.Build.0 = Release|Any CPU
	EndGlobalSection
	GlobalSection(SolutionProperties) = preSolution
		HideSolutionNode = FALSE
	EndGlobalSection
	GlobalSection(ExtensibilityGlobals) = postSolution
		SolutionGuid = {2481ADB0-9668-4B42-B518-02DF638C877A}
	EndGlobalSection
EndGlobal
